lockfileVersion: '9.0'

settings:
  autoInstallPeers: true
  excludeLinksFromLockfile: false

importers:

  .:
    dependencies:
      zod:
        specifier: ^4.4.3
        version: 4.6.5
    devDependencies:
      '@types/bun':
        specifier: latest
        version: 1.4.2
      typescript:
        specifier: ^5.6.3
        version: 5.9.3

packages:

  '@types/bun@1.4.2':
    resolution: {integrity: sha512-GimotNn7+ZV0uVArItBbriZsR1oNf0+WTzPkdcFrzShI7k2norL0uzEaJT8T33dWr7O/c9ZDuAFQrctKCi72oQ==}

  '@types/node@26.6.2':
    resolution: {integrity: sha512-X1P21scMv4zGKLYqjdGjaKa7COa0RKVYYZZN/NfvLQ1JegxFhdhpZG/Lyn8AXx6CDUavKAd11v6BvfpkDByK8g==}

  bun-types@1.4.2:
    resolution: {integrity: sha512-bxV1FgK7yBIzjRe5zBozIM4Bem11ZJcCXSrjWRG3YWLt8yFDePu4cLjpebO8OvPeIE9trbyPF4fuj3Cia4Fj3w==}

  typescript@5.9.3:
    resolution: {integrity: sha512-jl1vZzPDinLr9eUt3J/t7V6FgNEw9QjvBPdysz9KfQDD41fQrC2Y4vKQdiaUpFT4bXlb1RHhLpp8wtm6M5TgSw==}
    engines: {node: '>=14.17'}
    hasBin: true

  undici-types@8.9.0:
    resolution: {integrity: sha512-KTDyRTYX8sWmKXAikPHHSyc63CRPETMctyjKFupcC6OBLXT3xsN0e9aF7m+mIXutFWpUXuedtowG7iLOzp0kQg==}

  zod@4.6.5:
    resolution: {integrity: sha512-v5l/aFXZQeai4awLbOpSoHecE9UiMrnfx75tEXLjNonXVARxQ5mOeipTjROUchszUNCqnE+hqAMujRsRHsut2Q==}

snapshots:

  '@types/bun@1.4.2':
    dependencies:
      bun-types: 1.4.2

  '@types/node@26.6.2':
    dependencies:
      undici-types: 8.9.0

  bun-types@1.4.2:
    dependencies:
      '@types/node': 26.6.2

  typescript@5.9.3: {}

  undici-types@8.9.0: {}

  zod@4.6.5: {}
